
Microsoft Visual Studio Solution File, Format Version 12.00
# Visual Studio Version 17
VisualStudioVersion = 17.3.32804.467
MinimumVisualStudioVersion = 10.0.40219.1
Project("{9A19103F-16F7-4668-BE54-9A1E7A4F7556}") = "AbstractFactory", "AbstractFactory\AbstractFactory.csproj", "{733EEDF4-2DFE-4DC9-9D55-2077E485B9E0}"
EndProject
Project("{9A19103F-16F7-4668-BE54-9A1E7A4F7556}") = "Builder", "Builder\Builder.csproj", "{0C85B6DF-88F6-4567-B40B-C4E712E270F2}"
EndProject
Project("{FAE04EC0-301F-11D3-BF4B-00C04F79EFBC}") = "Phototype", "Phototype\Phototype.csproj", "{C7C55A0E-3C9E-4E9E-8447-7005F9AAC778}"
EndProject
Global
	GlobalSection(SolutionConfigurationPlatforms) = preSolution
		Debug|Any CPU = Debug|Any CPU
		Release|Any CPU = Release|Any CPU
	EndGlobalSection
	GlobalSection(ProjectConfigurationPlatforms) = postSolution
		{733EEDF4-2DFE-4DC9-9D55-2077E485B9E0}.Debug|Any CPU.ActiveCfg = Debug|Any CPU
		{733EEDF4-2DFE-4DC9-9D55-2077E485B9E0}.Debug|Any CPU.Build.0 = Debug|Any CPU
		{733EEDF4-2DFE-4DC9-9D55-2077E485B9E0}.Release|Any CPU.ActiveCfg = Release|Any CPU
		{733EEDF4-2DFE-4DC9-9D55-2077E485B9E0}.Release|Any CPU.Build.0 = Release|Any CPU
		{0C85B6DF-88F6-4567-B40B-C4E712E270F2}.Debug|Any CPU.ActiveCfg = Debug|Any CPU
		{0C85B6DF-88F6-4567-B40B-C4E712E270F2}.Debug|Any CPU.Build.0 = Debug|Any CPU
		{0C85B6DF-88F6-4567-B40B-C4E712E270F2}.Release|Any CPU.ActiveCfg = Release|Any CPU
		{0C85B6DF-88F6-4567-B40B-C4E712E270F2}.Release|Any CPU.Build.0 = Release|Any CPU
		{C7C55A0E-3C9E-4E9E-8447-7005F9AAC778}.Debug|Any CPU.ActiveCfg = Debug|Any CPU
		{C7C55A0E-3C9E-4E9E-8447-7005F9AAC778}.Debug|Any CPU.Build.0 = Debug|Any CPU
		{C7C55A0E-3C9E-4E9E-8447-7005F9AAC778}.Release|Any CPU.ActiveCfg = Release|Any CPU
		{C7C55A0E-3C9E-4E9E-8447-7005F9AAC778}.Release|Any CPU.Build.0 = Release|Any CPU
	EndGlobalSection
	GlobalSection(SolutionProperties) = preSolution
		HideSolutionNode = FALSE
	EndGlobalSection
	GlobalSection(ExtensibilityGlobals) = postSolution
		SolutionGuid = {453D1088-B0B5-47C7-A102-8F13B8F60654}
	EndGlobalSection
EndGlobal
