
Microsoft Visual Studio Solution File, Format Version 12.00
# Visual Studio Version 17
VisualStudioVersion = 17.3.32804.467
MinimumVisualStudioVersion = 10.0.40219.1
Project("{9A19103F-16F7-4668-BE54-9A1E7A4F7556}") = "AbstractFactory", "AbstractFactory\AbstractFactory.csproj", "{733EEDF4-2DFE-4DC9-9D55-2077E485B9E0}"
EndProject
Project("{9A19103F-16F7-4668-BE54-9A1E7A4F7556}") = "Builder", "Builder\Builder.csproj", "{0C85B6DF-88F6-4567-B40B-C4E712E270F2}"
EndProject
Project("{9A19103F-16F7-4668-BE54-9A1E7A4F7556}") = "Phototype", "Phototype\Phototype.csproj", "{C7C55A0E-3C9E-4E9E-8447-7005F9AAC778}"
EndProject
Project("{9A19103F-16F7-4668-BE54-9A1E7A4F7556}") = "CoP", "CoP\CoP.csproj", "{9B710B22-C6AA-4A23-8BAB-232E363B23A8}"
EndProject
Project("{2150E333-8FDC-42A3-9474-1A3956D46DE8}") = "Structural Patterns", "Structural Patterns", "{700AF9AD-5E74-4F4D-9084-B7C8169E03CC}"
EndProject
Project("{9A19103F-16F7-4668-BE54-9A1E7A4F7556}") = "Adapter", "Adapter\Adapter.csproj", "{39E2CEFC-8F73-4981-9077-15353AB2BE90}"
EndProject
Project("{2150E333-8FDC-42A3-9474-1A3956D46DE8}") = "Creational Patterns", "Creational Patterns", "{A1B1B36C-00CA-4531-876C-5F1B755E2EF7}"
EndProject
Project("{9A19103F-16F7-4668-BE54-9A1E7A4F7556}") = "Singleton", "Singleton\Singleton.csproj", "{B3581EC9-986F-42C9-AA39-C87E03CB8F09}"
EndProject
Project("{2150E333-8FDC-42A3-9474-1A3956D46DE8}") = "Behavioral Patterns", "Behavioral Patterns", "{6FB704A8-8EC9-4747-B69E-DE1D28D0266F}"
EndProject
Project("{9A19103F-16F7-4668-BE54-9A1E7A4F7556}") = "Bridge", "Bridge\Bridge.csproj", "{900F2AE6-9A84-4A35-8722-EDD71A974290}"
EndProject
Project("{9A19103F-16F7-4668-BE54-9A1E7A4F7556}") = "Composite", "Composite\Composite.csproj", "{1D9D27D4-B959-435E-B638-F86870709571}"
EndProject
Project("{9A19103F-16F7-4668-BE54-9A1E7A4F7556}") = "Decorator", "Decorator\Decorator.csproj", "{63B6F604-5BC1-444A-A893-F1C3D61D8B9B}"
EndProject
Project("{9A19103F-16F7-4668-BE54-9A1E7A4F7556}") = "Facade", "Facade\Facade.csproj", "{F040B87D-F48D-492F-8BE2-77AA546BBB3D}"
EndProject
Project("{9A19103F-16F7-4668-BE54-9A1E7A4F7556}") = "Flyweight", "Flyweight\Flyweight.csproj", "{41F8AF7F-A4E5-4107-A3FE-DF660DA5CB25}"
EndProject
Project("{9A19103F-16F7-4668-BE54-9A1E7A4F7556}") = "Proxy", "Proxy\Proxy.csproj", "{244315D9-C637-4158-95D3-9EE6507963FA}"
EndProject
Project("{9A19103F-16F7-4668-BE54-9A1E7A4F7556}") = "Command", "Command\Command.csproj", "{8F693266-30F5-4FE2-9301-90838BC41489}"
EndProject
Project("{9A19103F-16F7-4668-BE54-9A1E7A4F7556}") = "Strategy", "Strategy\Strategy.csproj", "{2EFB832A-999F-4F26-9C6A-DF58779BF699}"
EndProject
Project("{9A19103F-16F7-4668-BE54-9A1E7A4F7556}") = "Observer", "Observer\Observer.csproj", "{E385064D-A415-485F-8A95-D7F190494412}"
EndProject
Project("{FAE04EC0-301F-11D3-BF4B-00C04F79EFBC}") = "Iterator", "Iterator\Iterator.csproj", "{63C2FCAA-1142-4BF3-9712-E2610AFE2D81}"
EndProject
Global
	GlobalSection(SolutionConfigurationPlatforms) = preSolution
		Debug|Any CPU = Debug|Any CPU
		Release|Any CPU = Release|Any CPU
	EndGlobalSection
	GlobalSection(ProjectConfigurationPlatforms) = postSolution
		{733EEDF4-2DFE-4DC9-9D55-2077E485B9E0}.Debug|Any CPU.ActiveCfg = Debug|Any CPU
		{733EEDF4-2DFE-4DC9-9D55-2077E485B9E0}.Debug|Any CPU.Build.0 = Debug|Any CPU
		{733EEDF4-2DFE-4DC9-9D55-2077E485B9E0}.Release|Any CPU.ActiveCfg = Release|Any CPU
		{733EEDF4-2DFE-4DC9-9D55-2077E485B9E0}.Release|Any CPU.Build.0 = Release|Any CPU
		{0C85B6DF-88F6-4567-B40B-C4E712E270F2}.Debug|Any CPU.ActiveCfg = Debug|Any CPU
		{0C85B6DF-88F6-4567-B40B-C4E712E270F2}.Debug|Any CPU.Build.0 = Debug|Any CPU
		{0C85B6DF-88F6-4567-B40B-C4E712E270F2}.Release|Any CPU.ActiveCfg = Release|Any CPU
		{0C85B6DF-88F6-4567-B40B-C4E712E270F2}.Release|Any CPU.Build.0 = Release|Any CPU
		{C7C55A0E-3C9E-4E9E-8447-7005F9AAC778}.Debug|Any CPU.ActiveCfg = Debug|Any CPU
		{C7C55A0E-3C9E-4E9E-8447-7005F9AAC778}.Debug|Any CPU.Build.0 = Debug|Any CPU
		{C7C55A0E-3C9E-4E9E-8447-7005F9AAC778}.Release|Any CPU.ActiveCfg = Release|Any CPU
		{C7C55A0E-3C9E-4E9E-8447-7005F9AAC778}.Release|Any CPU.Build.0 = Release|Any CPU
		{9B710B22-C6AA-4A23-8BAB-232E363B23A8}.Debug|Any CPU.ActiveCfg = Debug|Any CPU
		{9B710B22-C6AA-4A23-8BAB-232E363B23A8}.Debug|Any CPU.Build.0 = Debug|Any CPU
		{9B710B22-C6AA-4A23-8BAB-232E363B23A8}.Release|Any CPU.ActiveCfg = Release|Any CPU
		{9B710B22-C6AA-4A23-8BAB-232E363B23A8}.Release|Any CPU.Build.0 = Release|Any CPU
		{39E2CEFC-8F73-4981-9077-15353AB2BE90}.Debug|Any CPU.ActiveCfg = Debug|Any CPU
		{39E2CEFC-8F73-4981-9077-15353AB2BE90}.Debug|Any CPU.Build.0 = Debug|Any CPU
		{39E2CEFC-8F73-4981-9077-15353AB2BE90}.Release|Any CPU.ActiveCfg = Release|Any CPU
		{39E2CEFC-8F73-4981-9077-15353AB2BE90}.Release|Any CPU.Build.0 = Release|Any CPU
		{B3581EC9-986F-42C9-AA39-C87E03CB8F09}.Debug|Any CPU.ActiveCfg = Debug|Any CPU
		{B3581EC9-986F-42C9-AA39-C87E03CB8F09}.Debug|Any CPU.Build.0 = Debug|Any CPU
		{B3581EC9-986F-42C9-AA39-C87E03CB8F09}.Release|Any CPU.ActiveCfg = Release|Any CPU
		{B3581EC9-986F-42C9-AA39-C87E03CB8F09}.Release|Any CPU.Build.0 = Release|Any CPU
		{900F2AE6-9A84-4A35-8722-EDD71A974290}.Debug|Any CPU.ActiveCfg = Debug|Any CPU
		{900F2AE6-9A84-4A35-8722-EDD71A974290}.Debug|Any CPU.Build.0 = Debug|Any CPU
		{900F2AE6-9A84-4A35-8722-EDD71A974290}.Release|Any CPU.ActiveCfg = Release|Any CPU
		{900F2AE6-9A84-4A35-8722-EDD71A974290}.Release|Any CPU.Build.0 = Release|Any CPU
		{1D9D27D4-B959-435E-B638-F86870709571}.Debug|Any CPU.ActiveCfg = Debug|Any CPU
		{1D9D27D4-B959-435E-B638-F86870709571}.Debug|Any CPU.Build.0 = Debug|Any CPU
		{1D9D27D4-B959-435E-B638-F86870709571}.Release|Any CPU.ActiveCfg = Release|Any CPU
		{1D9D27D4-B959-435E-B638-F86870709571}.Release|Any CPU.Build.0 = Release|Any CPU
		{63B6F604-5BC1-444A-A893-F1C3D61D8B9B}.Debug|Any CPU.ActiveCfg = Debug|Any CPU
		{63B6F604-5BC1-444A-A893-F1C3D61D8B9B}.Debug|Any CPU.Build.0 = Debug|Any CPU
		{63B6F604-5BC1-444A-A893-F1C3D61D8B9B}.Release|Any CPU.ActiveCfg = Release|Any CPU
		{63B6F604-5BC1-444A-A893-F1C3D61D8B9B}.Release|Any CPU.Build.0 = Release|Any CPU
		{F040B87D-F48D-492F-8BE2-77AA546BBB3D}.Debug|Any CPU.ActiveCfg = Debug|Any CPU
		{F040B87D-F48D-492F-8BE2-77AA546BBB3D}.Debug|Any CPU.Build.0 = Debug|Any CPU
		{F040B87D-F48D-492F-8BE2-77AA546BBB3D}.Release|Any CPU.ActiveCfg = Release|Any CPU
		{F040B87D-F48D-492F-8BE2-77AA546BBB3D}.Release|Any CPU.Build.0 = Release|Any CPU
		{41F8AF7F-A4E5-4107-A3FE-DF660DA5CB25}.Debug|Any CPU.ActiveCfg = Debug|Any CPU
		{41F8AF7F-A4E5-4107-A3FE-DF660DA5CB25}.Debug|Any CPU.Build.0 = Debug|Any CPU
		{41F8AF7F-A4E5-4107-A3FE-DF660DA5CB25}.Release|Any CPU.ActiveCfg = Release|Any CPU
		{41F8AF7F-A4E5-4107-A3FE-DF660DA5CB25}.Release|Any CPU.Build.0 = Release|Any CPU
		{244315D9-C637-4158-95D3-9EE6507963FA}.Debug|Any CPU.ActiveCfg = Debug|Any CPU
		{244315D9-C637-4158-95D3-9EE6507963FA}.Debug|Any CPU.Build.0 = Debug|Any CPU
		{244315D9-C637-4158-95D3-9EE6507963FA}.Release|Any CPU.ActiveCfg = Release|Any CPU
		{244315D9-C637-4158-95D3-9EE6507963FA}.Release|Any CPU.Build.0 = Release|Any CPU
		{8F693266-30F5-4FE2-9301-90838BC41489}.Debug|Any CPU.ActiveCfg = Debug|Any CPU
		{8F693266-30F5-4FE2-9301-90838BC41489}.Debug|Any CPU.Build.0 = Debug|Any CPU
		{8F693266-30F5-4FE2-9301-90838BC41489}.Release|Any CPU.ActiveCfg = Release|Any CPU
		{8F693266-30F5-4FE2-9301-90838BC41489}.Release|Any CPU.Build.0 = Release|Any CPU
		{2EFB832A-999F-4F26-9C6A-DF58779BF699}.Debug|Any CPU.ActiveCfg = Debug|Any CPU
		{2EFB832A-999F-4F26-9C6A-DF58779BF699}.Debug|Any CPU.Build.0 = Debug|Any CPU
		{2EFB832A-999F-4F26-9C6A-DF58779BF699}.Release|Any CPU.ActiveCfg = Release|Any CPU
		{2EFB832A-999F-4F26-9C6A-DF58779BF699}.Release|Any CPU.Build.0 = Release|Any CPU
		{E385064D-A415-485F-8A95-D7F190494412}.Debug|Any CPU.ActiveCfg = Debug|Any CPU
		{E385064D-A415-485F-8A95-D7F190494412}.Debug|Any CPU.Build.0 = Debug|Any CPU
		{E385064D-A415-485F-8A95-D7F190494412}.Release|Any CPU.ActiveCfg = Release|Any CPU
		{E385064D-A415-485F-8A95-D7F190494412}.Release|Any CPU.Build.0 = Release|Any CPU
		{63C2FCAA-1142-4BF3-9712-E2610AFE2D81}.Debug|Any CPU.ActiveCfg = Debug|Any CPU
		{63C2FCAA-1142-4BF3-9712-E2610AFE2D81}.Debug|Any CPU.Build.0 = Debug|Any CPU
		{63C2FCAA-1142-4BF3-9712-E2610AFE2D81}.Release|Any CPU.ActiveCfg = Release|Any CPU
		{63C2FCAA-1142-4BF3-9712-E2610AFE2D81}.Release|Any CPU.Build.0 = Release|Any CPU
	EndGlobalSection
	GlobalSection(SolutionProperties) = preSolution
		HideSolutionNode = FALSE
	EndGlobalSection
	GlobalSection(NestedProjects) = preSolution
		{733EEDF4-2DFE-4DC9-9D55-2077E485B9E0} = {A1B1B36C-00CA-4531-876C-5F1B755E2EF7}
		{0C85B6DF-88F6-4567-B40B-C4E712E270F2} = {A1B1B36C-00CA-4531-876C-5F1B755E2EF7}
		{C7C55A0E-3C9E-4E9E-8447-7005F9AAC778} = {A1B1B36C-00CA-4531-876C-5F1B755E2EF7}
		{9B710B22-C6AA-4A23-8BAB-232E363B23A8} = {6FB704A8-8EC9-4747-B69E-DE1D28D0266F}
		{39E2CEFC-8F73-4981-9077-15353AB2BE90} = {700AF9AD-5E74-4F4D-9084-B7C8169E03CC}
		{B3581EC9-986F-42C9-AA39-C87E03CB8F09} = {A1B1B36C-00CA-4531-876C-5F1B755E2EF7}
		{900F2AE6-9A84-4A35-8722-EDD71A974290} = {700AF9AD-5E74-4F4D-9084-B7C8169E03CC}
		{1D9D27D4-B959-435E-B638-F86870709571} = {700AF9AD-5E74-4F4D-9084-B7C8169E03CC}
		{63B6F604-5BC1-444A-A893-F1C3D61D8B9B} = {700AF9AD-5E74-4F4D-9084-B7C8169E03CC}
		{F040B87D-F48D-492F-8BE2-77AA546BBB3D} = {700AF9AD-5E74-4F4D-9084-B7C8169E03CC}
		{41F8AF7F-A4E5-4107-A3FE-DF660DA5CB25} = {700AF9AD-5E74-4F4D-9084-B7C8169E03CC}
		{244315D9-C637-4158-95D3-9EE6507963FA} = {700AF9AD-5E74-4F4D-9084-B7C8169E03CC}
		{8F693266-30F5-4FE2-9301-90838BC41489} = {6FB704A8-8EC9-4747-B69E-DE1D28D0266F}
		{2EFB832A-999F-4F26-9C6A-DF58779BF699} = {6FB704A8-8EC9-4747-B69E-DE1D28D0266F}
		{E385064D-A415-485F-8A95-D7F190494412} = {6FB704A8-8EC9-4747-B69E-DE1D28D0266F}
		{63C2FCAA-1142-4BF3-9712-E2610AFE2D81} = {6FB704A8-8EC9-4747-B69E-DE1D28D0266F}
	EndGlobalSection
	GlobalSection(ExtensibilityGlobals) = postSolution
		SolutionGuid = {453D1088-B0B5-47C7-A102-8F13B8F60654}
	EndGlobalSection
EndGlobal
